
Microsoft Visual Studio Solution File, Format Version 12.00
# Visual Studio 15
VisualStudioVersion = 15.0.27004.2002
MinimumVisualStudioVersion = 10.0.40219.1
Project("{FAE04EC0-301F-11D3-BF4B-00C04F79EFBC}") = "Tanks", "Tanks\Tanks.csproj", "{78689337-1938-4337-9051-0091B09D2ED1}"
EndProject
Project("{FAE04EC0-301F-11D3-BF4B-00C04F79EFBC}") = "View", "View\View.csproj", "{278B3BAD-7BD0-4FEE-8E47-BFA3F246C960}"
EndProject
Project("{FAE04EC0-301F-11D3-BF4B-00C04F79EFBC}") = "Controller", "Controller\Controller.csproj", "{719A4258-6979-4558-91D6-91CDDBD517ED}"
EndProject
Project("{FAE04EC0-301F-11D3-BF4B-00C04F79EFBC}") = "Model", "Model\Model.csproj", "{64FCAAA7-01CD-444B-A0FA-6F9756D936EA}"
EndProject
Global
	GlobalSection(SolutionConfigurationPlatforms) = preSolution
		Debug|Any CPU = Debug|Any CPU
		Release|Any CPU = Release|Any CPU
	EndGlobalSection
	GlobalSection(ProjectConfigurationPlatforms) = postSolution
		{78689337-1938-4337-9051-0091B09D2ED1}.Debug|Any CPU.ActiveCfg = Debug|Any CPU
		{78689337-1938-4337-9051-0091B09D2ED1}.Debug|Any CPU.Build.0 = Debug|Any CPU
		{78689337-1938-4337-9051-0091B09D2ED1}.Release|Any CPU.ActiveCfg = Release|Any CPU
		{78689337-1938-4337-9051-0091B09D2ED1}.Release|Any CPU.Build.0 = Release|Any CPU
		{278B3BAD-7BD0-4FEE-8E47-BFA3F246C960}.Debug|Any CPU.ActiveCfg = Debug|Any CPU
		{278B3BAD-7BD0-4FEE-8E47-BFA3F246C960}.Debug|Any CPU.Build.0 = Debug|Any CPU
		{278B3BAD-7BD0-4FEE-8E47-BFA3F246C960}.Release|Any CPU.ActiveCfg = Release|Any CPU
		{278B3BAD-7BD0-4FEE-8E47-BFA3F246C960}.Release|Any CPU.Build.0 = Release|Any CPU
		{719A4258-6979-4558-91D6-91CDDBD517ED}.Debug|Any CPU.ActiveCfg = Debug|Any CPU
		{719A4258-6979-4558-91D6-91CDDBD517ED}.Debug|Any CPU.Build.0 = Debug|Any CPU
		{719A4258-6979-4558-91D6-91CDDBD517ED}.Release|Any CPU.ActiveCfg = Release|Any CPU
		{719A4258-6979-4558-91D6-91CDDBD517ED}.Release|Any CPU.Build.0 = Release|Any CPU
		{64FCAAA7-01CD-444B-A0FA-6F9756D936EA}.Debug|Any CPU.ActiveCfg = Debug|Any CPU
		{64FCAAA7-01CD-444B-A0FA-6F9756D936EA}.Debug|Any CPU.Build.0 = Debug|Any CPU
		{64FCAAA7-01CD-444B-A0FA-6F9756D936EA}.Release|Any CPU.ActiveCfg = Release|Any CPU
		{64FCAAA7-01CD-444B-A0FA-6F9756D936EA}.Release|Any CPU.Build.0 = Release|Any CPU
	EndGlobalSection
	GlobalSection(SolutionProperties) = preSolution
		HideSolutionNode = FALSE
	EndGlobalSection
	GlobalSection(ExtensibilityGlobals) = postSolution
		SolutionGuid = {E7A4AB91-3049-41B1-B128-10FCC6529D09}
	EndGlobalSection
EndGlobal
